
Microsoft Visual Studio Solution File, Format Version 12.00
# Visual Studio Version 17
VisualStudioVersion = 17.0.31903.59
MinimumVisualStudioVersion = 10.0.40219.1
Project("{2150E333-8FDC-42A3-9474-1A3956D46DE8}") = "src", "src", "{86935CCF-76A7-44DD-8178-51B7ECF75F38}"
EndProject
Project("{2150E333-8FDC-42A3-9474-1A3956D46DE8}") = "tests", "tests", "{61735B4B-31EB-43CD-BF1D-7AE529B9A55B}"
EndProject
Project("{2150E333-8FDC-42A3-9474-1A3956D46DE8}") = "Core", "Core", "{05760E62-E4EC-4441-9F5F-5AA90FFAFFDF}"
EndProject
Project("{2150E333-8FDC-42A3-9474-1A3956D46DE8}") = "UseCases", "UseCases", "{27A9CB43-DB43-4EB1-BD6E-08E514CA5994}"
EndProject
Project("{2150E333-8FDC-42A3-9474-1A3956D46DE8}") = "Infrastructure", "Infrastructure", "{41D00A0D-94DB-4430-A6CA-1E5D2BDCB280}"
EndProject
Project("{2150E333-8FDC-42A3-9474-1A3956D46DE8}") = "Web", "Web", "{7A040D94-5600-4319-B5DC-6501376C11D6}"
EndProject
Project("{FAE04EC0-301F-11D3-BF4B-00C04F79EFBC}") = "Swapzy.Web", "src\Swapzy.Web\Swapzy.Web.csproj", "{605E93A1-B996-4A24-ADF1-1CA87CF8B312}"
EndProject
Project("{FAE04EC0-301F-11D3-BF4B-00C04F79EFBC}") = "Swapzy.UseCases", "src\Swapzy.UseCases\Swapzy.UseCases.csproj", "{EFD23A8A-8EC4-4DFB-9C0F-34EF2F089517}"
EndProject
Project("{FAE04EC0-301F-11D3-BF4B-00C04F79EFBC}") = "Swapzy.Infrastructure", "src\Swapzy.Infrastructure\Swapzy.Infrastructure.csproj", "{899EE25D-FF9E-4585-AFF6-8CEB14D6902D}"
EndProject
Project("{FAE04EC0-301F-11D3-BF4B-00C04F79EFBC}") = "Swapzy.Core", "src\Swapzy.Core\Swapzy.Core.csproj", "{FFB01D00-271B-43EB-9AFB-F8B0D5600AF9}"
EndProject
Project("{FAE04EC0-301F-11D3-BF4B-00C04F79EFBC}") = "Swapzy.UnitTests", "tests\Swapzy.UnitTests\Swapzy.UnitTests.csproj", "{E8C78302-24AD-4E9A-8A20-ADE546407EB4}"
EndProject
Global
	GlobalSection(SolutionConfigurationPlatforms) = preSolution
		Debug|Any CPU = Debug|Any CPU
		Release|Any CPU = Release|Any CPU
	EndGlobalSection
	GlobalSection(ProjectConfigurationPlatforms) = postSolution
		{605E93A1-B996-4A24-ADF1-1CA87CF8B312}.Debug|Any CPU.ActiveCfg = Debug|Any CPU
		{605E93A1-B996-4A24-ADF1-1CA87CF8B312}.Debug|Any CPU.Build.0 = Debug|Any CPU
		{605E93A1-B996-4A24-ADF1-1CA87CF8B312}.Release|Any CPU.ActiveCfg = Release|Any CPU
		{605E93A1-B996-4A24-ADF1-1CA87CF8B312}.Release|Any CPU.Build.0 = Release|Any CPU
		{EFD23A8A-8EC4-4DFB-9C0F-34EF2F089517}.Debug|Any CPU.ActiveCfg = Debug|Any CPU
		{EFD23A8A-8EC4-4DFB-9C0F-34EF2F089517}.Debug|Any CPU.Build.0 = Debug|Any CPU
		{EFD23A8A-8EC4-4DFB-9C0F-34EF2F089517}.Release|Any CPU.ActiveCfg = Release|Any CPU
		{EFD23A8A-8EC4-4DFB-9C0F-34EF2F089517}.Release|Any CPU.Build.0 = Release|Any CPU
		{899EE25D-FF9E-4585-AFF6-8CEB14D6902D}.Debug|Any CPU.ActiveCfg = Debug|Any CPU
		{899EE25D-FF9E-4585-AFF6-8CEB14D6902D}.Debug|Any CPU.Build.0 = Debug|Any CPU
		{899EE25D-FF9E-4585-AFF6-8CEB14D6902D}.Release|Any CPU.ActiveCfg = Release|Any CPU
		{899EE25D-FF9E-4585-AFF6-8CEB14D6902D}.Release|Any CPU.Build.0 = Release|Any CPU
		{FFB01D00-271B-43EB-9AFB-F8B0D5600AF9}.Debug|Any CPU.ActiveCfg = Debug|Any CPU
		{FFB01D00-271B-43EB-9AFB-F8B0D5600AF9}.Debug|Any CPU.Build.0 = Debug|Any CPU
		{FFB01D00-271B-43EB-9AFB-F8B0D5600AF9}.Release|Any CPU.ActiveCfg = Release|Any CPU
		{FFB01D00-271B-43EB-9AFB-F8B0D5600AF9}.Release|Any CPU.Build.0 = Release|Any CPU
		{E8C78302-24AD-4E9A-8A20-ADE546407EB4}.Debug|Any CPU.ActiveCfg = Debug|Any CPU
		{E8C78302-24AD-4E9A-8A20-ADE546407EB4}.Debug|Any CPU.Build.0 = Debug|Any CPU
		{E8C78302-24AD-4E9A-8A20-ADE546407EB4}.Release|Any CPU.ActiveCfg = Release|Any CPU
		{E8C78302-24AD-4E9A-8A20-ADE546407EB4}.Release|Any CPU.Build.0 = Release|Any CPU
	EndGlobalSection
	GlobalSection(SolutionProperties) = preSolution
		HideSolutionNode = FALSE
	EndGlobalSection
	GlobalSection(NestedProjects) = preSolution
		{05760E62-E4EC-4441-9F5F-5AA90FFAFFDF} = {86935CCF-76A7-44DD-8178-51B7ECF75F38}
		{27A9CB43-DB43-4EB1-BD6E-08E514CA5994} = {86935CCF-76A7-44DD-8178-51B7ECF75F38}
		{41D00A0D-94DB-4430-A6CA-1E5D2BDCB280} = {86935CCF-76A7-44DD-8178-51B7ECF75F38}
		{7A040D94-5600-4319-B5DC-6501376C11D6} = {86935CCF-76A7-44DD-8178-51B7ECF75F38}
		{605E93A1-B996-4A24-ADF1-1CA87CF8B312} = {7A040D94-5600-4319-B5DC-6501376C11D6}
		{EFD23A8A-8EC4-4DFB-9C0F-34EF2F089517} = {27A9CB43-DB43-4EB1-BD6E-08E514CA5994}
		{899EE25D-FF9E-4585-AFF6-8CEB14D6902D} = {41D00A0D-94DB-4430-A6CA-1E5D2BDCB280}
		{FFB01D00-271B-43EB-9AFB-F8B0D5600AF9} = {05760E62-E4EC-4441-9F5F-5AA90FFAFFDF}
		{E8C78302-24AD-4E9A-8A20-ADE546407EB4} = {61735B4B-31EB-43CD-BF1D-7AE529B9A55B}
	EndGlobalSection
EndGlobal
