
Microsoft Visual Studio Solution File, Format Version 12.00
# Visual Studio Version 17
VisualStudioVersion = 17.0.31903.59
MinimumVisualStudioVersion = 10.0.40219.1
Project("{2150E333-8FDC-42A3-9474-1A3956D46DE8}") = "src", "src", "{97481E1D-9785-45D7-BD3B-7C8C5C7E9B21}"
EndProject
Project("{2150E333-8FDC-42A3-9474-1A3956D46DE8}") = "tests", "tests", "{527E7BF6-713F-4197-816D-2C0C9F96F5F5}"
EndProject
Project("{2150E333-8FDC-42A3-9474-1A3956D46DE8}") = "Application", "Application", "{F336794E-396E-4702-A9E7-6B079F8D1A95}"
EndProject
Project("{2150E333-8FDC-42A3-9474-1A3956D46DE8}") = "Domain", "Domain", "{AC4D5787-4353-4807-B41D-D7AEE6548924}"
EndProject
Project("{2150E333-8FDC-42A3-9474-1A3956D46DE8}") = "Infra", "Infra", "{76514E2E-8E94-4C34-A804-0F83AD3532B8}"
EndProject
Project("{FAE04EC0-301F-11D3-BF4B-00C04F79EFBC}") = "Swapzy.Api", "src\Application\Swapzy.Api\Swapzy.Api.csproj", "{9D10EAED-5CB2-48F4-B790-3883A8F6A538}"
EndProject
Project("{FAE04EC0-301F-11D3-BF4B-00C04F79EFBC}") = "Swapzy.Application", "src\Application\Swapzy.Application\Swapzy.Application.csproj", "{6400B8D3-F1C4-44AE-B8B0-7DD7039E42EC}"
EndProject
Project("{FAE04EC0-301F-11D3-BF4B-00C04F79EFBC}") = "Swapzy.Domain", "src\Domain\Swapzy.Domain\Swapzy.Domain.csproj", "{F04541A5-5586-458A-A1FD-FCF2AE596594}"
EndProject
Project("{FAE04EC0-301F-11D3-BF4B-00C04F79EFBC}") = "Swapzy.Infra", "src\Infra\Swapzy.Infra\Swapzy.Infra.csproj", "{1A20C411-2F22-47EF-8A08-BE2132A172CF}"
EndProject
Project("{FAE04EC0-301F-11D3-BF4B-00C04F79EFBC}") = "Swapzy.Tests", "tests\Swapzy.Tests\Swapzy.Tests.csproj", "{C94160AC-2586-4128-BD34-5E122083716A}"
EndProject
Project("{FAE04EC0-301F-11D3-BF4B-00C04F79EFBC}") = "Swapzy.Infra.CrossCutting", "src\Infra\Swapzy.Infra.CrossCutting\Swapzy.Infra.CrossCutting.csproj", "{E3FCF662-CE20-4EA4-AC0D-105E551240A4}"
EndProject
Project("{FAE04EC0-301F-11D3-BF4B-00C04F79EFBC}") = "Swapzy.Infra.Log", "src\Infra\Swapzy.Infra.Log\Swapzy.Infra.Log.csproj", "{D8005F8B-1D26-476E-A156-430F55F79F19}"
EndProject
Project("{FAE04EC0-301F-11D3-BF4B-00C04F79EFBC}") = "Swapzy.SharedKernel.AspNetCore", "src\SharedKernel\Swapzy.SharedKernel.AspNetCore\Swapzy.SharedKernel.AspNetCore.csproj", "{1F498587-C2D7-4723-A1EC-07C4F50139B6}"
EndProject
Project("{2150E333-8FDC-42A3-9474-1A3956D46DE8}") = "SharedKernel", "SharedKernel", "{DBD7CFFF-0C65-4281-A025-F51F46B3F3E7}"
EndProject
Project("{FAE04EC0-301F-11D3-BF4B-00C04F79EFBC}") = "Swapzy.SharedKernel", "src\SharedKernel\Swapzy.SharedKernel\Swapzy.SharedKernel.csproj", "{F244C118-0589-4DAF-AB21-5C4E83481F6D}"
EndProject
Global
	GlobalSection(SolutionConfigurationPlatforms) = preSolution
		Debug|Any CPU = Debug|Any CPU
		Release|Any CPU = Release|Any CPU
	EndGlobalSection
	GlobalSection(ProjectConfigurationPlatforms) = postSolution
		{9D10EAED-5CB2-48F4-B790-3883A8F6A538}.Debug|Any CPU.ActiveCfg = Debug|Any CPU
		{9D10EAED-5CB2-48F4-B790-3883A8F6A538}.Debug|Any CPU.Build.0 = Debug|Any CPU
		{9D10EAED-5CB2-48F4-B790-3883A8F6A538}.Release|Any CPU.ActiveCfg = Release|Any CPU
		{9D10EAED-5CB2-48F4-B790-3883A8F6A538}.Release|Any CPU.Build.0 = Release|Any CPU
		{6400B8D3-F1C4-44AE-B8B0-7DD7039E42EC}.Debug|Any CPU.ActiveCfg = Debug|Any CPU
		{6400B8D3-F1C4-44AE-B8B0-7DD7039E42EC}.Debug|Any CPU.Build.0 = Debug|Any CPU
		{6400B8D3-F1C4-44AE-B8B0-7DD7039E42EC}.Release|Any CPU.ActiveCfg = Release|Any CPU
		{6400B8D3-F1C4-44AE-B8B0-7DD7039E42EC}.Release|Any CPU.Build.0 = Release|Any CPU
		{F04541A5-5586-458A-A1FD-FCF2AE596594}.Debug|Any CPU.ActiveCfg = Debug|Any CPU
		{F04541A5-5586-458A-A1FD-FCF2AE596594}.Debug|Any CPU.Build.0 = Debug|Any CPU
		{F04541A5-5586-458A-A1FD-FCF2AE596594}.Release|Any CPU.ActiveCfg = Release|Any CPU
		{F04541A5-5586-458A-A1FD-FCF2AE596594}.Release|Any CPU.Build.0 = Release|Any CPU
		{1A20C411-2F22-47EF-8A08-BE2132A172CF}.Debug|Any CPU.ActiveCfg = Debug|Any CPU
		{1A20C411-2F22-47EF-8A08-BE2132A172CF}.Debug|Any CPU.Build.0 = Debug|Any CPU
		{1A20C411-2F22-47EF-8A08-BE2132A172CF}.Release|Any CPU.ActiveCfg = Release|Any CPU
		{1A20C411-2F22-47EF-8A08-BE2132A172CF}.Release|Any CPU.Build.0 = Release|Any CPU
		{C94160AC-2586-4128-BD34-5E122083716A}.Debug|Any CPU.ActiveCfg = Debug|Any CPU
		{C94160AC-2586-4128-BD34-5E122083716A}.Debug|Any CPU.Build.0 = Debug|Any CPU
		{C94160AC-2586-4128-BD34-5E122083716A}.Release|Any CPU.ActiveCfg = Release|Any CPU
		{C94160AC-2586-4128-BD34-5E122083716A}.Release|Any CPU.Build.0 = Release|Any CPU
		{E3FCF662-CE20-4EA4-AC0D-105E551240A4}.Debug|Any CPU.ActiveCfg = Debug|Any CPU
		{E3FCF662-CE20-4EA4-AC0D-105E551240A4}.Debug|Any CPU.Build.0 = Debug|Any CPU
		{E3FCF662-CE20-4EA4-AC0D-105E551240A4}.Release|Any CPU.ActiveCfg = Release|Any CPU
		{E3FCF662-CE20-4EA4-AC0D-105E551240A4}.Release|Any CPU.Build.0 = Release|Any CPU
		{D8005F8B-1D26-476E-A156-430F55F79F19}.Debug|Any CPU.ActiveCfg = Debug|Any CPU
		{D8005F8B-1D26-476E-A156-430F55F79F19}.Debug|Any CPU.Build.0 = Debug|Any CPU
		{D8005F8B-1D26-476E-A156-430F55F79F19}.Release|Any CPU.ActiveCfg = Release|Any CPU
		{D8005F8B-1D26-476E-A156-430F55F79F19}.Release|Any CPU.Build.0 = Release|Any CPU
		{1F498587-C2D7-4723-A1EC-07C4F50139B6}.Debug|Any CPU.ActiveCfg = Debug|Any CPU
		{1F498587-C2D7-4723-A1EC-07C4F50139B6}.Debug|Any CPU.Build.0 = Debug|Any CPU
		{1F498587-C2D7-4723-A1EC-07C4F50139B6}.Release|Any CPU.ActiveCfg = Release|Any CPU
		{1F498587-C2D7-4723-A1EC-07C4F50139B6}.Release|Any CPU.Build.0 = Release|Any CPU
		{F244C118-0589-4DAF-AB21-5C4E83481F6D}.Debug|Any CPU.ActiveCfg = Debug|Any CPU
		{F244C118-0589-4DAF-AB21-5C4E83481F6D}.Debug|Any CPU.Build.0 = Debug|Any CPU
		{F244C118-0589-4DAF-AB21-5C4E83481F6D}.Release|Any CPU.ActiveCfg = Release|Any CPU
		{F244C118-0589-4DAF-AB21-5C4E83481F6D}.Release|Any CPU.Build.0 = Release|Any CPU
	EndGlobalSection
	GlobalSection(SolutionProperties) = preSolution
		HideSolutionNode = FALSE
	EndGlobalSection
	GlobalSection(NestedProjects) = preSolution
		{F336794E-396E-4702-A9E7-6B079F8D1A95} = {97481E1D-9785-45D7-BD3B-7C8C5C7E9B21}
		{AC4D5787-4353-4807-B41D-D7AEE6548924} = {97481E1D-9785-45D7-BD3B-7C8C5C7E9B21}
		{76514E2E-8E94-4C34-A804-0F83AD3532B8} = {97481E1D-9785-45D7-BD3B-7C8C5C7E9B21}
		{9D10EAED-5CB2-48F4-B790-3883A8F6A538} = {F336794E-396E-4702-A9E7-6B079F8D1A95}
		{6400B8D3-F1C4-44AE-B8B0-7DD7039E42EC} = {F336794E-396E-4702-A9E7-6B079F8D1A95}
		{F04541A5-5586-458A-A1FD-FCF2AE596594} = {AC4D5787-4353-4807-B41D-D7AEE6548924}
		{1A20C411-2F22-47EF-8A08-BE2132A172CF} = {76514E2E-8E94-4C34-A804-0F83AD3532B8}
		{C94160AC-2586-4128-BD34-5E122083716A} = {527E7BF6-713F-4197-816D-2C0C9F96F5F5}
		{E3FCF662-CE20-4EA4-AC0D-105E551240A4} = {76514E2E-8E94-4C34-A804-0F83AD3532B8}
		{D8005F8B-1D26-476E-A156-430F55F79F19} = {76514E2E-8E94-4C34-A804-0F83AD3532B8}
		{1F498587-C2D7-4723-A1EC-07C4F50139B6} = {DBD7CFFF-0C65-4281-A025-F51F46B3F3E7}
		{DBD7CFFF-0C65-4281-A025-F51F46B3F3E7} = {97481E1D-9785-45D7-BD3B-7C8C5C7E9B21}
		{F244C118-0589-4DAF-AB21-5C4E83481F6D} = {DBD7CFFF-0C65-4281-A025-F51F46B3F3E7}
	EndGlobalSection
EndGlobal
